{
    "name": "@reldens/items-system",
    "version": "0.52.0",
    "lockfileVersion": 3,
    "requires": true,
    "packages": {
        "": {
            "name": "@reldens/items-system",
            "version": "0.52.0",
            "license": "MIT",
            "dependencies": {
                "@reldens/modifiers": "^0.37.0",
                "@reldens/utils": "^0.57.0"
            }
        },
        "node_modules/@reldens/modifiers": {
            "version": "0.37.0",
            "resolved": "https://registry.npmjs.org/@reldens/modifiers/-/modifiers-0.37.0.tgz",
            "integrity": "sha512-/ZmxrH8tkJM9FLpoh91LcrNhA8lsvUSiaP5kBIlhYj4CQiRO42dpygdfai3SEGIl1fZz3sVGbi3r+JWogxcXPw==",
            "license": "MIT",
            "dependencies": {
                "@reldens/utils": "^0.57.0"
            }
        },
        "node_modules/@reldens/utils": {
            "version": "0.57.0",
            "resolved": "https://registry.npmjs.org/@reldens/utils/-/utils-0.57.0.tgz",
            "integrity": "sha512-6lJlPizWVnoRBRYrCWGCrcnAOBURR1lGHAtXCbOQxW2M8iXuD9socM1ECKISnJ4nLB1YZ6PYBb6EsxswbNLXng==",
            "license": "MIT"
        }
    }
}
