{
    "name": "@reldens/items-system",
    "version": "0.58.0",
    "lockfileVersion": 3,
    "requires": true,
    "packages": {
        "": {
            "name": "@reldens/items-system",
            "version": "0.58.0",
            "license": "MIT",
            "dependencies": {
                "@reldens/modifiers": "^0.42.0",
                "@reldens/utils": "^0.62.0"
            }
        },
        "node_modules/@reldens/modifiers": {
            "version": "0.42.0",
            "resolved": "https://registry.npmjs.org/@reldens/modifiers/-/modifiers-0.42.0.tgz",
            "integrity": "sha512-/KRaZcRuFuNln9JrU7EXk6vN6jEbcWgrzOIdoNtK/uNC6RgoqUVAgYqFzO5+zoJdg+YyRR3i7WKscMtzpT+Vpw==",
            "license": "MIT",
            "dependencies": {
                "@reldens/utils": "^0.62.0"
            }
        },
        "node_modules/@reldens/utils": {
            "version": "0.62.0",
            "resolved": "https://registry.npmjs.org/@reldens/utils/-/utils-0.62.0.tgz",
            "integrity": "sha512-sB/7v/bSsnkjywYFzaMWwx6SerDFyG547By+0iEABk2LknfWt1KVXIe1Rrn/8x+Aa3iEI5NXccCR6m+vOBE1Kw==",
            "license": "MIT"
        }
    }
}
