{
    "name": "@reldens/items-system",
    "version": "0.48.0",
    "lockfileVersion": 3,
    "requires": true,
    "packages": {
        "": {
            "name": "@reldens/items-system",
            "version": "0.48.0",
            "license": "MIT",
            "dependencies": {
                "@reldens/modifiers": "^0.34.0",
                "@reldens/utils": "^0.54.0"
            }
        },
        "node_modules/@reldens/modifiers": {
            "version": "0.34.0",
            "resolved": "https://registry.npmjs.org/@reldens/modifiers/-/modifiers-0.34.0.tgz",
            "integrity": "sha512-fS1zjyzT0Lask7xFgeUpuAHLsgoEF9Wn0txuzP/Df+8qDuyqPixHMj8+cH7h/BGX8k/CRKbM+v/PZs4oVaGyKQ==",
            "license": "MIT",
            "dependencies": {
                "@reldens/utils": "^0.54.0"
            }
        },
        "node_modules/@reldens/utils": {
            "version": "0.54.0",
            "resolved": "https://registry.npmjs.org/@reldens/utils/-/utils-0.54.0.tgz",
            "integrity": "sha512-VsXIAVV7tDqESQSY64RrtbWpgPwKN2C2tncqmzI3qi9eRyseaHe02CkbuauHxDkU0QpjV3xJNMDbIY2rweNcEg==",
            "license": "MIT"
        }
    }
}
